<?xml version="1.0" encoding="utf-8"?>
<Project ToolsVersion="4.0" xmlns="http://schemas.microsoft.com/developer/msbuild/2003">
  <ItemGroup>
    <ClInclude Include="Main.h" />
    <ClInclude Include="pch.h" />
    <ClInclude Include="EnemyScript.h">
      <Filter>Scripts</Filter>
    </ClInclude>
    <ClInclude Include="PlayerScript.h">
      <Filter>Scripts</Filter>
    </ClInclude>
    <ClInclude Include="TPVCamera.h">
      <Filter>Scripts</Filter>
    </ClInclude>
    <ClInclude Include="BaseState.h">
      <Filter>Scripts</Filter>
    </ClInclude>
    <ClInclude Include="StartMenuSceneScript.h">
      <Filter>Scripts\Scene</Filter>
    </ClInclude>
    <ClInclude Include="MainSceneScript.h">
      <Filter>Scripts\Scene</Filter>
    </ClInclude>
    <ClInclude Include="BossRoomGateLeverScript.h">
      <Filter>Scripts\Interactable</Filter>
    </ClInclude>
    <ClInclude Include="MiddleGateLeverScript.h">
      <Filter>Scripts\Interactable</Filter>
    </ClInclude>
    <ClInclude Include="Interactable.h">
      <Filter>Scripts\Interactable</Filter>
    </ClInclude>
    <ClInclude Include="BossRoomVeilScript.h" />
  </ItemGroup>
  <ItemGroup>
    <ClCompile Include="Main.cpp" />
    <ClCompile Include="pch.cpp" />
    <ClCompile Include="EnemyScript.cpp">
      <Filter>Scripts</Filter>
    </ClCompile>
    <ClCompile Include="PlayerScript.cpp">
      <Filter>Scripts</Filter>
    </ClCompile>
    <ClCompile Include="TPVCamera.cpp">
      <Filter>Scripts</Filter>
    </ClCompile>
    <ClCompile Include="BaseState.cpp">
      <Filter>Scripts</Filter>
    </ClCompile>
    <ClCompile Include="StartMenuSceneScript.cpp">
      <Filter>Scripts\Scene</Filter>
    </ClCompile>
    <ClCompile Include="MainSceneScript.cpp">
      <Filter>Scripts\Scene</Filter>
    </ClCompile>
    <ClCompile Include="BossRoomGateLeverScript.cpp">
      <Filter>Scripts\Interactable</Filter>
    </ClCompile>
    <ClCompile Include="MiddleGateLeverScript.cpp">
      <Filter>Scripts\Interactable</Filter>
    </ClCompile>
    <ClCompile Include="Interactable.cpp">
      <Filter>Scripts\Interactable</Filter>
    </ClCompile>
    <ClCompile Include="BossRoomVeilScript.cpp" />
  </ItemGroup>
  <ItemGroup>
    <Filter Include="Scripts">
      <UniqueIdentifier>{107ae496-467c-432f-9f47-3a64b4a2e05e}</UniqueIdentifier>
    </Filter>
    <Filter Include="Scripts\Scene">
      <UniqueIdentifier>{ffd435db-4483-4f1a-af7e-fa83775e9bdb}</UniqueIdentifier>
    </Filter>
    <Filter Include="Scripts\Interactable">
      <UniqueIdentifier>{946d02e9-ded4-425e-a706-dd2c6e66a288}</UniqueIdentifier>
    </Filter>
  </ItemGroup>
</Project>