
Microsoft Visual Studio Solution File, Format Version 12.00
# Visual Studio Version 17
VisualStudioVersion = 17.11.35431.28
MinimumVisualStudioVersion = 10.0.40219.1
Project("{8BC9CEB8-8B4A-11D0-8D11-00A0C91BC942}") = "BulbCore", "Engine\Engine.vcxproj", "{A5B4BA25-A892-498E-A48A-C58D0D95A7F3}"
EndProject
Project("{8BC9CEB8-8B4A-11D0-8D11-00A0C91BC942}") = "Client", "Client\Client.vcxproj", "{507AB380-C738-4474-AA6B-481641243F0D}"
EndProject
Project("{8BC9CEB8-8B4A-11D0-8D11-00A0C91BC942}") = "AssetParser", "AssetParser\AssetParser.vcxproj", "{28CF1FB7-C625-4124-B3E3-2CC50569EB4E}"
EndProject
Global
	GlobalSection(SolutionConfigurationPlatforms) = preSolution
		Client Debug|x64 = Client Debug|x64
		Client Debug|x86 = Client Debug|x86
		Client Release|x64 = Client Release|x64
		Client Release|x86 = Client Release|x86
		Editor Debug|x64 = Editor Debug|x64
		Editor Debug|x86 = Editor Debug|x86
		Editor Release|x64 = Editor Release|x64
		Editor Release|x86 = Editor Release|x86
	EndGlobalSection
	GlobalSection(ProjectConfigurationPlatforms) = postSolution
		{A5B4BA25-A892-498E-A48A-C58D0D95A7F3}.Client Debug|x64.ActiveCfg = Client Debug|x64
		{A5B4BA25-A892-498E-A48A-C58D0D95A7F3}.Client Debug|x64.Build.0 = Client Debug|x64
		{A5B4BA25-A892-498E-A48A-C58D0D95A7F3}.Client Debug|x86.ActiveCfg = Client Debug|Win32
		{A5B4BA25-A892-498E-A48A-C58D0D95A7F3}.Client Debug|x86.Build.0 = Client Debug|Win32
		{A5B4BA25-A892-498E-A48A-C58D0D95A7F3}.Client Release|x64.ActiveCfg = Client Release|x64
		{A5B4BA25-A892-498E-A48A-C58D0D95A7F3}.Client Release|x64.Build.0 = Client Release|x64
		{A5B4BA25-A892-498E-A48A-C58D0D95A7F3}.Client Release|x86.ActiveCfg = Client Release|Win32
		{A5B4BA25-A892-498E-A48A-C58D0D95A7F3}.Client Release|x86.Build.0 = Client Release|Win32
		{A5B4BA25-A892-498E-A48A-C58D0D95A7F3}.Editor Debug|x64.ActiveCfg = Editor Debug|x64
		{A5B4BA25-A892-498E-A48A-C58D0D95A7F3}.Editor Debug|x64.Build.0 = Editor Debug|x64
		{A5B4BA25-A892-498E-A48A-C58D0D95A7F3}.Editor Debug|x86.ActiveCfg = Editor Debug|Win32
		{A5B4BA25-A892-498E-A48A-C58D0D95A7F3}.Editor Debug|x86.Build.0 = Editor Debug|Win32
		{A5B4BA25-A892-498E-A48A-C58D0D95A7F3}.Editor Release|x64.ActiveCfg = Editor Release|x64
		{A5B4BA25-A892-498E-A48A-C58D0D95A7F3}.Editor Release|x64.Build.0 = Editor Release|x64
		{A5B4BA25-A892-498E-A48A-C58D0D95A7F3}.Editor Release|x86.ActiveCfg = Editor Release|Win32
		{A5B4BA25-A892-498E-A48A-C58D0D95A7F3}.Editor Release|x86.Build.0 = Editor Release|Win32
		{507AB380-C738-4474-AA6B-481641243F0D}.Client Debug|x64.ActiveCfg = Client Debug|x64
		{507AB380-C738-4474-AA6B-481641243F0D}.Client Debug|x64.Build.0 = Client Debug|x64
		{507AB380-C738-4474-AA6B-481641243F0D}.Client Debug|x86.ActiveCfg = Client Debug|Win32
		{507AB380-C738-4474-AA6B-481641243F0D}.Client Debug|x86.Build.0 = Client Debug|Win32
		{507AB380-C738-4474-AA6B-481641243F0D}.Client Release|x64.ActiveCfg = Client Release|x64
		{507AB380-C738-4474-AA6B-481641243F0D}.Client Release|x64.Build.0 = Client Release|x64
		{507AB380-C738-4474-AA6B-481641243F0D}.Client Release|x86.ActiveCfg = Client Release|Win32
		{507AB380-C738-4474-AA6B-481641243F0D}.Client Release|x86.Build.0 = Client Release|Win32
		{507AB380-C738-4474-AA6B-481641243F0D}.Editor Debug|x64.ActiveCfg = Editor Debug|x64
		{507AB380-C738-4474-AA6B-481641243F0D}.Editor Debug|x64.Build.0 = Editor Debug|x64
		{507AB380-C738-4474-AA6B-481641243F0D}.Editor Debug|x86.ActiveCfg = Editor Debug|Win32
		{507AB380-C738-4474-AA6B-481641243F0D}.Editor Debug|x86.Build.0 = Editor Debug|Win32
		{507AB380-C738-4474-AA6B-481641243F0D}.Editor Release|x64.ActiveCfg = Editor Release|x64
		{507AB380-C738-4474-AA6B-481641243F0D}.Editor Release|x64.Build.0 = Editor Release|x64
		{507AB380-C738-4474-AA6B-481641243F0D}.Editor Release|x86.ActiveCfg = Editor Release|Win32
		{507AB380-C738-4474-AA6B-481641243F0D}.Editor Release|x86.Build.0 = Editor Release|Win32
		{28CF1FB7-C625-4124-B3E3-2CC50569EB4E}.Client Debug|x64.ActiveCfg = Editor Release|x64
		{28CF1FB7-C625-4124-B3E3-2CC50569EB4E}.Client Debug|x86.ActiveCfg = Editor Release|Win32
		{28CF1FB7-C625-4124-B3E3-2CC50569EB4E}.Client Release|x64.ActiveCfg = Editor Release|x64
		{28CF1FB7-C625-4124-B3E3-2CC50569EB4E}.Client Release|x86.ActiveCfg = Editor Release|Win32
		{28CF1FB7-C625-4124-B3E3-2CC50569EB4E}.Editor Debug|x64.ActiveCfg = Editor Debug|x64
		{28CF1FB7-C625-4124-B3E3-2CC50569EB4E}.Editor Debug|x64.Build.0 = Editor Debug|x64
		{28CF1FB7-C625-4124-B3E3-2CC50569EB4E}.Editor Debug|x86.ActiveCfg = Editor Release|Win32
		{28CF1FB7-C625-4124-B3E3-2CC50569EB4E}.Editor Debug|x86.Build.0 = Editor Release|Win32
		{28CF1FB7-C625-4124-B3E3-2CC50569EB4E}.Editor Release|x64.ActiveCfg = Editor Release|x64
		{28CF1FB7-C625-4124-B3E3-2CC50569EB4E}.Editor Release|x64.Build.0 = Editor Release|x64
		{28CF1FB7-C625-4124-B3E3-2CC50569EB4E}.Editor Release|x86.ActiveCfg = Editor Release|Win32
		{28CF1FB7-C625-4124-B3E3-2CC50569EB4E}.Editor Release|x86.Build.0 = Editor Release|Win32
	EndGlobalSection
	GlobalSection(SolutionProperties) = preSolution
		HideSolutionNode = FALSE
	EndGlobalSection
	GlobalSection(ExtensibilityGlobals) = postSolution
		SolutionGuid = {78672C3B-6346-485A-BBCD-9969AEE90615}
	EndGlobalSection
EndGlobal
