<?xml version="1.0" encoding="utf-8"?>
<Project ToolsVersion="4.0" xmlns="http://schemas.microsoft.com/developer/msbuild/2003">
  <ItemGroup>
    <ClInclude Include="Types.h">
      <Filter>05. Defines</Filter>
    </ClInclude>
    <ClInclude Include="BulbApplication.h">
      <Filter>00. Core</Filter>
    </ClInclude>
    <ClInclude Include="pch.h" />
    <ClInclude Include="MathHelper.h">
      <Filter>98. Utils</Filter>
    </ClInclude>
    <ClInclude Include="FrameResource.h">
      <Filter>01. EngineComponents</Filter>
    </ClInclude>
    <ClInclude Include="Utils.h">
      <Filter>98. Utils</Filter>
    </ClInclude>
    <ClInclude Include="Defines.h">
      <Filter>05. Defines</Filter>
    </ClInclude>
    <ClInclude Include="Graphic.h">
      <Filter>00. Core</Filter>
    </ClInclude>
    <ClInclude Include="UploadBuffer.h">
      <Filter>01. EngineComponents</Filter>
    </ClInclude>
    <ClInclude Include="DXUtil.h">
      <Filter>98. Utils</Filter>
    </ClInclude>
    <ClInclude Include="DataStructures.h">
      <Filter>05. Defines</Filter>
    </ClInclude>
    <ClInclude Include="GameObject.h">
      <Filter>02. GameObject</Filter>
    </ClInclude>
    <ClInclude Include="ResourceManager.h">
      <Filter>01. EngineComponents\01. Managers</Filter>
    </ClInclude>
    <ClInclude Include="GeometryGenerator.h">
      <Filter>98. Utils</Filter>
    </ClInclude>
    <ClInclude Include="Component.h">
      <Filter>04. Interfaces</Filter>
    </ClInclude>
    <ClInclude Include="Resource.h">
      <Filter>04. Interfaces</Filter>
    </ClInclude>
    <ClInclude Include="Material.h">
      <Filter>03. Resources</Filter>
    </ClInclude>
    <ClInclude Include="Mesh.h">
      <Filter>03. Resources</Filter>
    </ClInclude>
    <ClInclude Include="Shader.h">
      <Filter>03. Resources</Filter>
    </ClInclude>
    <ClInclude Include="Texture.h">
      <Filter>03. Resources</Filter>
    </ClInclude>
    <ClInclude Include="RenderManager.h">
      <Filter>01. EngineComponents\01. Managers</Filter>
    </ClInclude>
    <ClInclude Include="Geometry.h">
      <Filter>03. Resources</Filter>
    </ClInclude>
    <ClInclude Include="Transform.h">
      <Filter>02. GameObject\Components</Filter>
    </ClInclude>
    <ClInclude Include="Camera.h">
      <Filter>02. GameObject\Components</Filter>
    </ClInclude>
    <ClInclude Include="InputManager.h">
      <Filter>01. EngineComponents\01. Managers</Filter>
    </ClInclude>
    <ClInclude Include="Constants.h">
      <Filter>05. Defines</Filter>
    </ClInclude>
    <ClInclude Include="DirectionalLight.h">
      <Filter>02. GameObject\Components\Lights</Filter>
    </ClInclude>
    <ClInclude Include="Light.h">
      <Filter>02. GameObject\Components\Lights</Filter>
    </ClInclude>
    <ClInclude Include="..\Libraries\Include\ImGUI\imconfig.h">
      <Filter>99. ExtLibraries\imgui</Filter>
    </ClInclude>
    <ClInclude Include="..\Libraries\Include\ImGUI\imgui.h">
      <Filter>99. ExtLibraries\imgui</Filter>
    </ClInclude>
    <ClInclude Include="..\Libraries\Include\ImGUI\imgui_impl_dx12.h">
      <Filter>99. ExtLibraries\imgui</Filter>
    </ClInclude>
    <ClInclude Include="..\Libraries\Include\ImGUI\imgui_impl_win32.h">
      <Filter>99. ExtLibraries\imgui</Filter>
    </ClInclude>
    <ClInclude Include="..\Libraries\Include\ImGUI\imgui_internal.h">
      <Filter>99. ExtLibraries\imgui</Filter>
    </ClInclude>
    <ClInclude Include="..\Libraries\Include\ImGUI\imstb_rectpack.h">
      <Filter>99. ExtLibraries\imgui</Filter>
    </ClInclude>
    <ClInclude Include="..\Libraries\Include\ImGUI\imstb_textedit.h">
      <Filter>99. ExtLibraries\imgui</Filter>
    </ClInclude>
    <ClInclude Include="..\Libraries\Include\ImGUI\imstb_truetype.h">
      <Filter>99. ExtLibraries\imgui</Filter>
    </ClInclude>
    <ClInclude Include="..\Libraries\Include\tinyxml2\tinyxml2.h">
      <Filter>99. ExtLibraries\tinyxml2</Filter>
    </ClInclude>
    <ClInclude Include="Animation.h">
      <Filter>03. Resources</Filter>
    </ClInclude>
    <ClInclude Include="EngineStatusManager.h">
      <Filter>01. EngineComponents\01. Managers</Filter>
    </ClInclude>
    <ClInclude Include="Animator.h">
      <Filter>02. GameObject\Components</Filter>
    </ClInclude>
    <ClInclude Include="MeshRenderer.h">
      <Filter>02. GameObject\Components\MeshRenderer</Filter>
    </ClInclude>
    <ClInclude Include="SkinnedMeshRenderer.h">
      <Filter>02. GameObject\Components\MeshRenderer</Filter>
    </ClInclude>
    <ClInclude Include="FileIOUtil.h">
      <Filter>01. EngineComponents</Filter>
    </ClInclude>
    <ClInclude Include="..\Libraries\Include\ImGUI\imgui_stdlib.h">
      <Filter>99. ExtLibraries\imgui</Filter>
    </ClInclude>
    <ClInclude Include="Script.h">
      <Filter>02. GameObject\Components</Filter>
    </ClInclude>
    <ClInclude Include="PhysicsManager.h">
      <Filter>01. EngineComponents\01. Managers</Filter>
    </ClInclude>
    <ClInclude Include="Rigidbody.h">
      <Filter>02. GameObject\Components\Physics</Filter>
    </ClInclude>
    <ClInclude Include="..\Libraries\Include\stb\stb_image_write.h">
      <Filter>99. ExtLibraries\stb</Filter>
    </ClInclude>
    <ClInclude Include="..\Libraries\Include\stb\stb_image.h">
      <Filter>99. ExtLibraries\stb</Filter>
    </ClInclude>
    <ClInclude Include="ParticleEmitter.h">
      <Filter>02. GameObject\Components</Filter>
    </ClInclude>
    <ClInclude Include="ParticleManager.h">
      <Filter>01. EngineComponents\01. Managers</Filter>
    </ClInclude>
    <ClInclude Include="SkeletonManager.h">
      <Filter>01. EngineComponents\01. Managers</Filter>
    </ClInclude>
    <ClInclude Include="AnimationManager.h">
      <Filter>01. EngineComponents\01. Managers</Filter>
    </ClInclude>
    <ClInclude Include="ThreadManager.h">
      <Filter>01. EngineComponents\01. Managers</Filter>
    </ClInclude>
    <ClInclude Include="CharacterController.h">
      <Filter>02. GameObject\Components</Filter>
    </ClInclude>
    <ClInclude Include="DebugManager.h">
      <Filter>01. EngineComponents\01. Managers\01. Only Editor</Filter>
    </ClInclude>
    <ClInclude Include="EditorGUIManager.h">
      <Filter>01. EngineComponents\01. Managers\01. Only Editor</Filter>
    </ClInclude>
    <ClInclude Include="UIElement.h">
      <Filter>06. UI</Filter>
    </ClInclude>
    <ClInclude Include="UIPanel.h">
      <Filter>06. UI</Filter>
    </ClInclude>
    <ClInclude Include="UIManager.h">
      <Filter>01. EngineComponents\01. Managers</Filter>
    </ClInclude>
    <ClInclude Include="UISlider.h">
      <Filter>06. UI</Filter>
    </ClInclude>
    <ClInclude Include="UITransform.h">
      <Filter>06. UI</Filter>
    </ClInclude>
    <ClInclude Include="UIText.h">
      <Filter>06. UI</Filter>
    </ClInclude>
    <ClInclude Include="UIFrame.h">
      <Filter>06. UI</Filter>
    </ClInclude>
    <ClInclude Include="SceneManager.h">
      <Filter>01. EngineComponents\01. Managers</Filter>
    </ClInclude>
    <ClInclude Include="ComponentFactory.h">
      <Filter>01. EngineComponents</Filter>
    </ClInclude>
    <ClInclude Include="EditorManager.h">
      <Filter>01. EngineComponents\01. Managers\01. Only Editor</Filter>
    </ClInclude>
    <ClInclude Include="EditorCamera.h">
      <Filter>07. Scripts</Filter>
    </ClInclude>
    <ClInclude Include="GameTimer.h">
      <Filter>01. EngineComponents</Filter>
    </ClInclude>
    <ClInclude Include="ShadowMap.h">
      <Filter>03. Resources\Not Inherited</Filter>
    </ClInclude>
    <ClInclude Include="XMLElement.h">
      <Filter>08. Wrapper</Filter>
    </ClInclude>
    <ClInclude Include="Skeleton.h">
      <Filter>03. Resources\Not Inherited</Filter>
    </ClInclude>
    <ClInclude Include="Event.h">
      <Filter>09. Sub Systems</Filter>
    </ClInclude>
    <ClInclude Include="PointLight.h">
      <Filter>02. GameObject\Components\Lights</Filter>
    </ClInclude>
    <ClInclude Include="SoundManager.h">
      <Filter>01. EngineComponents\01. Managers</Filter>
    </ClInclude>
    <ClInclude Include="UIButton.h">
      <Filter>06. UI</Filter>
    </ClInclude>
    <ClInclude Include="SSAO.h">
      <Filter>03. Resources\Not Inherited</Filter>
    </ClInclude>
    <ClInclude Include="Terrain.h">
      <Filter>02. GameObject\Components\Physics</Filter>
    </ClInclude>
  </ItemGroup>
  <ItemGroup>
    <Filter Include="00. Core">
      <UniqueIdentifier>{e3f179bb-c9ad-466d-99f0-0b96dfee19eb}</UniqueIdentifier>
    </Filter>
    <Filter Include="02. GameObject">
      <UniqueIdentifier>{c45e393e-2bc7-4ba4-842f-48371a4ee789}</UniqueIdentifier>
    </Filter>
    <Filter Include="02. GameObject\Components">
      <UniqueIdentifier>{3f209c1b-a4f3-4890-a26f-d65bfbae8c6c}</UniqueIdentifier>
    </Filter>
    <Filter Include="01. EngineComponents">
      <UniqueIdentifier>{5b08aaa2-9c22-448b-acc4-74f446072b4d}</UniqueIdentifier>
    </Filter>
    <Filter Include="01. EngineComponents\01. Managers">
      <UniqueIdentifier>{dca9fbf7-1588-499f-9f07-24cfaeca83fd}</UniqueIdentifier>
    </Filter>
    <Filter Include="02. GameObject\Components\Lights">
      <UniqueIdentifier>{5f7195c8-cd84-4c3d-b226-554064946b1c}</UniqueIdentifier>
    </Filter>
    <Filter Include="05. Defines">
      <UniqueIdentifier>{c33a9b82-f224-40b4-a39a-fae9bcd89d17}</UniqueIdentifier>
    </Filter>
    <Filter Include="04. Interfaces">
      <UniqueIdentifier>{1dad3b72-7d91-4855-92cb-18c7b6020180}</UniqueIdentifier>
    </Filter>
    <Filter Include="03. Resources">
      <UniqueIdentifier>{38dbe0b3-50ad-4805-ae19-483510901584}</UniqueIdentifier>
    </Filter>
    <Filter Include="02. GameObject\Components\MeshRenderer">
      <UniqueIdentifier>{a16cbda6-39ad-49f4-891c-365318c88ded}</UniqueIdentifier>
    </Filter>
    <Filter Include="02. GameObject\Components\Physics">
      <UniqueIdentifier>{465baf47-2de3-44fb-961d-91a5fa577afb}</UniqueIdentifier>
    </Filter>
    <Filter Include="01. EngineComponents\01. Managers\01. Only Editor">
      <UniqueIdentifier>{c503f597-1493-4bf1-b757-602179e87a0d}</UniqueIdentifier>
    </Filter>
    <Filter Include="06. UI">
      <UniqueIdentifier>{3b83a606-7088-4e24-a201-e64a251aff3e}</UniqueIdentifier>
    </Filter>
    <Filter Include="99. ExtLibraries">
      <UniqueIdentifier>{11dfefeb-d5b6-4043-93ac-cd663cc29962}</UniqueIdentifier>
    </Filter>
    <Filter Include="99. ExtLibraries\imgui">
      <UniqueIdentifier>{278193b3-1eac-4d1a-8442-8b90e4896c23}</UniqueIdentifier>
    </Filter>
    <Filter Include="99. ExtLibraries\tinyxml2">
      <UniqueIdentifier>{91de3027-70a4-498d-a84a-0c72b4580e38}</UniqueIdentifier>
    </Filter>
    <Filter Include="99. ExtLibraries\stb">
      <UniqueIdentifier>{3174e8b7-93dc-47b2-9db7-2aa7c0b743e6}</UniqueIdentifier>
    </Filter>
    <Filter Include="98. Utils">
      <UniqueIdentifier>{0dee92db-b9d9-49dd-be92-48b8841cebbc}</UniqueIdentifier>
    </Filter>
    <Filter Include="07. Scripts">
      <UniqueIdentifier>{ee3426e1-da10-417f-a938-963255469342}</UniqueIdentifier>
    </Filter>
    <Filter Include="03. Resources\Not Inherited">
      <UniqueIdentifier>{6e69c4fa-caea-4b76-ace4-598a29de2636}</UniqueIdentifier>
    </Filter>
    <Filter Include="08. Wrapper">
      <UniqueIdentifier>{dd67f47d-26ea-4b0e-bfd5-c198fe6eabfb}</UniqueIdentifier>
    </Filter>
    <Filter Include="09. Sub Systems">
      <UniqueIdentifier>{c9399f1b-9425-4da8-8cd7-887a6484f729}</UniqueIdentifier>
    </Filter>
  </ItemGroup>
  <ItemGroup>
    <ClCompile Include="BulbApplication.cpp">
      <Filter>00. Core</Filter>
    </ClCompile>
    <ClCompile Include="pch.cpp" />
    <ClCompile Include="MathHelper.cpp">
      <Filter>98. Utils</Filter>
    </ClCompile>
    <ClCompile Include="FrameResource.cpp">
      <Filter>01. EngineComponents</Filter>
    </ClCompile>
    <ClCompile Include="Utils.cpp">
      <Filter>98. Utils</Filter>
    </ClCompile>
    <ClCompile Include="Graphic.cpp">
      <Filter>00. Core</Filter>
    </ClCompile>
    <ClCompile Include="DXUtil.cpp">
      <Filter>98. Utils</Filter>
    </ClCompile>
    <ClCompile Include="GameObject.cpp">
      <Filter>02. GameObject</Filter>
    </ClCompile>
    <ClCompile Include="ResourceManager.cpp">
      <Filter>01. EngineComponents\01. Managers</Filter>
    </ClCompile>
    <ClCompile Include="GeometryGenerator.cpp">
      <Filter>98. Utils</Filter>
    </ClCompile>
    <ClCompile Include="Component.cpp">
      <Filter>04. Interfaces</Filter>
    </ClCompile>
    <ClCompile Include="Resource.cpp">
      <Filter>04. Interfaces</Filter>
    </ClCompile>
    <ClCompile Include="Material.cpp">
      <Filter>03. Resources</Filter>
    </ClCompile>
    <ClCompile Include="Mesh.cpp">
      <Filter>03. Resources</Filter>
    </ClCompile>
    <ClCompile Include="Shader.cpp">
      <Filter>03. Resources</Filter>
    </ClCompile>
    <ClCompile Include="Texture.cpp">
      <Filter>03. Resources</Filter>
    </ClCompile>
    <ClCompile Include="RenderManager.cpp">
      <Filter>01. EngineComponents\01. Managers</Filter>
    </ClCompile>
    <ClCompile Include="Geometry.cpp">
      <Filter>03. Resources</Filter>
    </ClCompile>
    <ClCompile Include="Transform.cpp">
      <Filter>02. GameObject\Components</Filter>
    </ClCompile>
    <ClCompile Include="Camera.cpp">
      <Filter>02. GameObject\Components</Filter>
    </ClCompile>
    <ClCompile Include="InputManager.cpp">
      <Filter>01. EngineComponents\01. Managers</Filter>
    </ClCompile>
    <ClCompile Include="DirectionalLight.cpp">
      <Filter>02. GameObject\Components\Lights</Filter>
    </ClCompile>
    <ClCompile Include="Light.cpp">
      <Filter>02. GameObject\Components\Lights</Filter>
    </ClCompile>
    <ClCompile Include="..\Libraries\Include\ImGUI\imgui.cpp">
      <Filter>99. ExtLibraries\imgui</Filter>
    </ClCompile>
    <ClCompile Include="..\Libraries\Include\ImGUI\imgui_demo.cpp">
      <Filter>99. ExtLibraries\imgui</Filter>
    </ClCompile>
    <ClCompile Include="..\Libraries\Include\ImGUI\imgui_draw.cpp">
      <Filter>99. ExtLibraries\imgui</Filter>
    </ClCompile>
    <ClCompile Include="..\Libraries\Include\ImGUI\imgui_impl_dx12.cpp">
      <Filter>99. ExtLibraries\imgui</Filter>
    </ClCompile>
    <ClCompile Include="..\Libraries\Include\ImGUI\imgui_impl_win32.cpp">
      <Filter>99. ExtLibraries\imgui</Filter>
    </ClCompile>
    <ClCompile Include="..\Libraries\Include\ImGUI\imgui_tables.cpp">
      <Filter>99. ExtLibraries\imgui</Filter>
    </ClCompile>
    <ClCompile Include="..\Libraries\Include\ImGUI\imgui_widgets.cpp">
      <Filter>99. ExtLibraries\imgui</Filter>
    </ClCompile>
    <ClCompile Include="..\Libraries\Include\tinyxml2\tinyxml2.cpp">
      <Filter>99. ExtLibraries\tinyxml2</Filter>
    </ClCompile>
    <ClCompile Include="Animation.cpp">
      <Filter>03. Resources</Filter>
    </ClCompile>
    <ClCompile Include="EngineStatusManager.cpp">
      <Filter>01. EngineComponents\01. Managers</Filter>
    </ClCompile>
    <ClCompile Include="Animator.cpp">
      <Filter>02. GameObject\Components</Filter>
    </ClCompile>
    <ClCompile Include="SkinnedMeshRenderer.cpp">
      <Filter>02. GameObject\Components\MeshRenderer</Filter>
    </ClCompile>
    <ClCompile Include="MeshRenderer.cpp">
      <Filter>02. GameObject\Components\MeshRenderer</Filter>
    </ClCompile>
    <ClCompile Include="FileIOUtil.cpp">
      <Filter>01. EngineComponents</Filter>
    </ClCompile>
    <ClCompile Include="..\Libraries\Include\ImGUI\imgui_stdlib.cpp">
      <Filter>99. ExtLibraries\imgui</Filter>
    </ClCompile>
    <ClCompile Include="Script.cpp">
      <Filter>02. GameObject\Components</Filter>
    </ClCompile>
    <ClCompile Include="PhysicsManager.cpp">
      <Filter>01. EngineComponents\01. Managers</Filter>
    </ClCompile>
    <ClCompile Include="Rigidbody.cpp">
      <Filter>02. GameObject\Components\Physics</Filter>
    </ClCompile>
    <ClCompile Include="ParticleEmitter.cpp">
      <Filter>02. GameObject\Components</Filter>
    </ClCompile>
    <ClCompile Include="ParticleManager.cpp">
      <Filter>01. EngineComponents\01. Managers</Filter>
    </ClCompile>
    <ClCompile Include="SkeletonManager.cpp">
      <Filter>01. EngineComponents\01. Managers</Filter>
    </ClCompile>
    <ClCompile Include="AnimationManager.cpp">
      <Filter>01. EngineComponents\01. Managers</Filter>
    </ClCompile>
    <ClCompile Include="ThreadManager.cpp">
      <Filter>01. EngineComponents\01. Managers</Filter>
    </ClCompile>
    <ClCompile Include="CharacterController.cpp">
      <Filter>02. GameObject\Components</Filter>
    </ClCompile>
    <ClCompile Include="DebugManager.cpp">
      <Filter>01. EngineComponents\01. Managers\01. Only Editor</Filter>
    </ClCompile>
    <ClCompile Include="EditorGUIManager.cpp">
      <Filter>01. EngineComponents\01. Managers\01. Only Editor</Filter>
    </ClCompile>
    <ClCompile Include="UIElement.cpp">
      <Filter>06. UI</Filter>
    </ClCompile>
    <ClCompile Include="UIPanel.cpp">
      <Filter>06. UI</Filter>
    </ClCompile>
    <ClCompile Include="UIManager.cpp">
      <Filter>01. EngineComponents\01. Managers</Filter>
    </ClCompile>
    <ClCompile Include="UISlider.cpp">
      <Filter>06. UI</Filter>
    </ClCompile>
    <ClCompile Include="UITransform.cpp">
      <Filter>06. UI</Filter>
    </ClCompile>
    <ClCompile Include="UIText.cpp">
      <Filter>06. UI</Filter>
    </ClCompile>
    <ClCompile Include="UIFrame.cpp">
      <Filter>06. UI</Filter>
    </ClCompile>
    <ClCompile Include="SceneManager.cpp">
      <Filter>01. EngineComponents\01. Managers</Filter>
    </ClCompile>
    <ClCompile Include="ComponentFactory.cpp">
      <Filter>01. EngineComponents</Filter>
    </ClCompile>
    <ClCompile Include="EditorManager.cpp">
      <Filter>01. EngineComponents\01. Managers\01. Only Editor</Filter>
    </ClCompile>
    <ClCompile Include="EditorCamera.cpp">
      <Filter>07. Scripts</Filter>
    </ClCompile>
    <ClCompile Include="GameTimer.cpp">
      <Filter>01. EngineComponents</Filter>
    </ClCompile>
    <ClCompile Include="ShadowMap.cpp">
      <Filter>03. Resources\Not Inherited</Filter>
    </ClCompile>
    <ClCompile Include="XMLElement.cpp">
      <Filter>08. Wrapper</Filter>
    </ClCompile>
    <ClCompile Include="Skeleton.cpp">
      <Filter>03. Resources\Not Inherited</Filter>
    </ClCompile>
    <ClCompile Include="Event.cpp">
      <Filter>09. Sub Systems</Filter>
    </ClCompile>
    <ClCompile Include="PointLight.cpp">
      <Filter>02. GameObject\Components\Lights</Filter>
    </ClCompile>
    <ClCompile Include="SoundManager.cpp">
      <Filter>01. EngineComponents\01. Managers</Filter>
    </ClCompile>
    <ClCompile Include="UIButton.cpp">
      <Filter>06. UI</Filter>
    </ClCompile>
    <ClCompile Include="SSAO.cpp">
      <Filter>03. Resources\Not Inherited</Filter>
    </ClCompile>
    <ClCompile Include="Terrain.cpp">
      <Filter>02. GameObject\Components\Physics</Filter>
    </ClCompile>
  </ItemGroup>
  <ItemGroup>
    <None Include="Enums.h">
      <Filter>05. Defines</Filter>
    </None>
  </ItemGroup>
</Project>